
Microsoft Visual Studio Solution File, Format Version 12.00
# Visual Studio Version 17
VisualStudioVersion = 17.5.002.0
MinimumVisualStudioVersion = 10.0.40219.1
Project("{2150E333-8FDC-42A3-9474-1A3956D46DE8}") = "CsharpProjects", "CsharpProjects", "{1B186D5E-C046-48A3-BB48-C68108A863A1}"
EndProject
Project("{9A19103F-16F7-4668-BE54-9A1E7A4F7556}") = "TestProject", "CsharpProjects\TestProject\TestProject.csproj", "{80CE2DAB-29D9-47C5-B968-52C3F9C8C384}"
EndProject
Global
	GlobalSection(SolutionConfigurationPlatforms) = preSolution
		Debug|Any CPU = Debug|Any CPU
		Release|Any CPU = Release|Any CPU
	EndGlobalSection
	GlobalSection(ProjectConfigurationPlatforms) = postSolution
		{80CE2DAB-29D9-47C5-B968-52C3F9C8C384}.Debug|Any CPU.ActiveCfg = Debug|Any CPU
		{80CE2DAB-29D9-47C5-B968-52C3F9C8C384}.Debug|Any CPU.Build.0 = Debug|Any CPU
		{80CE2DAB-29D9-47C5-B968-52C3F9C8C384}.Release|Any CPU.ActiveCfg = Release|Any CPU
		{80CE2DAB-29D9-47C5-B968-52C3F9C8C384}.Release|Any CPU.Build.0 = Release|Any CPU
	EndGlobalSection
	GlobalSection(SolutionProperties) = preSolution
		HideSolutionNode = FALSE
	EndGlobalSection
	GlobalSection(NestedProjects) = preSolution
		{80CE2DAB-29D9-47C5-B968-52C3F9C8C384} = {1B186D5E-C046-48A3-BB48-C68108A863A1}
	EndGlobalSection
	GlobalSection(ExtensibilityGlobals) = postSolution
		SolutionGuid = {02CD89C5-A15F-4BC0-BADB-CB709F531ECD}
	EndGlobalSection
EndGlobal
